// !$*UTF8*$!
{
	archiveVersion = 1;
	classes = {
	};
	objectVersion = 46;
	objects = {

/* Begin PBXGroup section */
		152782471917E90200B51AE8 = {
			isa = PBXGroup;
			children = (
			);
			sourceTree = "<group>";
		};
/* End PBXGroup section */

/* Begin PBXProject section */
		152782491917E90200B51AE8 /* Project object */ = {
			isa = PBXProject;
			attributes = {
				ORGANIZATIONNAME = "Arizona State University";
			};
			buildConfigurationList = 1527824C1917E90200B51AE8 /* Build configuration list for PBXProject "Tethne" */;
			compatibilityVersion = "Xcode 3.2";
			developmentRegion = English;
			hasScannedForEncodings = 0;
			knownRegions = (
				en,
			);
			mainGroup = 152782471917E90200B51AE8;
			projectDirPath = "";
			projectRoot = "";
			targets = (
			);
		};
/* End PBXProject section */

/* Begin XCBuildConfiguration section */
		1527824E1917E90300B51AE8 /* Debug */ = {
			isa = XCBuildConfiguration;
			buildSettings = {
			};
			name = Debug;
		};
		1527824F1917E90300B51AE8 /* Release */ = {
			isa = XCBuildConfiguration;
			buildSettings = {
			};
			name = Release;
		};
/* End XCBuildConfiguration section */

/* Begin XCConfigurationList section */
		1527824C1917E90200B51AE8 /* Build configuration list for PBXProject "Tethne" */ = {
			isa = XCConfigurationList;
			buildConfigurations = (
				1527824E1917E90300B51AE8 /* Debug */,
				1527824F1917E90300B51AE8 /* Release */,
			);
			defaultConfigurationIsVisible = 0;
			defaultConfigurationName = Release;
		};
/* End XCConfigurationList section */
	};
	rootObject = 152782491917E90200B51AE8 /* Project object */;
}
