// !$*UTF8*$!
{
	archiveVersion = 1;
	classes = {
	};
	objectVersion = 46;
	objects = {

/* Begin PBXFileReference section */
		156E076816E9BA04002A0343 /* README.md */ = {isa = PBXFileReference; lastKnownFileType = text; path = README.md; sourceTree = "<group>"; };
		15841DA31721F334004DD58B /* .gitignore */ = {isa = PBXFileReference; lastKnownFileType = text; path = .gitignore; sourceTree = "<group>"; };
		15DABFC916C4676A00D02606 /* tethne.py */ = {isa = PBXFileReference; lastKnownFileType = text.script.python; path = tethne.py; sourceTree = "<group>"; };
/* End PBXFileReference section */

/* Begin PBXGroup section */
		15DABFBD16C4670E00D02606 = {
			isa = PBXGroup;
			children = (
				15841DA31721F334004DD58B /* .gitignore */,
				15DABFC916C4676A00D02606 /* tethne.py */,
				156E076816E9BA04002A0343 /* README.md */,
			);
			sourceTree = "<group>";
		};
/* End PBXGroup section */

/* Begin PBXProject section */
		15DABFBF16C4670E00D02606 /* Project object */ = {
			isa = PBXProject;
			attributes = {
				LastUpgradeCheck = 0450;
			};
			buildConfigurationList = 15DABFC216C4670E00D02606 /* Build configuration list for PBXProject "Tethne" */;
			compatibilityVersion = "Xcode 3.2";
			developmentRegion = English;
			hasScannedForEncodings = 0;
			knownRegions = (
				en,
			);
			mainGroup = 15DABFBD16C4670E00D02606;
			projectDirPath = "";
			projectRoot = "";
			targets = (
			);
		};
/* End PBXProject section */

/* Begin XCBuildConfiguration section */
		15DABFC416C4670E00D02606 /* Debug */ = {
			isa = XCBuildConfiguration;
			buildSettings = {
			};
			name = Debug;
		};
		15DABFC516C4670E00D02606 /* Release */ = {
			isa = XCBuildConfiguration;
			buildSettings = {
			};
			name = Release;
		};
/* End XCBuildConfiguration section */

/* Begin XCConfigurationList section */
		15DABFC216C4670E00D02606 /* Build configuration list for PBXProject "Tethne" */ = {
			isa = XCConfigurationList;
			buildConfigurations = (
				15DABFC416C4670E00D02606 /* Debug */,
				15DABFC516C4670E00D02606 /* Release */,
			);
			defaultConfigurationIsVisible = 0;
			defaultConfigurationName = Release;
		};
/* End XCConfigurationList section */
	};
	rootObject = 15DABFBF16C4670E00D02606 /* Project object */;
}
